# Generated by mvl. Do not edit manually.
# Commit this file to source control for reproducible builds.

[[package]]
name = "github.com/mvl-lang/pkg-zmq"
version = "0.3.1"
hash = "sha256:2ab78a646841128aeb6739db4416c30afbcd2daeb3e77a78d8ce7144b9c2e5a1"
commit = "8be1706dbbaca6a9d7b9853295dac230b4416324"
git = "https://github.com/mvl-lang/pkg-zmq"
last-checked = 1782141634
