# Generated by mvl. Do not edit manually.
# Commit this file to source control for reproducible builds.

[[package]]
name = "github.com/mvl-lang/pkg-tui"
version = "1.2.1"
hash = "sha256:2c6fb898f05c2d3bc8145b6c747442d1f0297ff3fa6764454ac3b1c2956046ee"
commit = "5330cf07ab70124abc8f8de099beeac521875ee7"
git = "https://github.com/mvl-lang/pkg-tui"
license = "Apache-2.0"
last-checked = 1783850966
