# Generated by mvl. Do not edit manually.
# Commit this file to source control for reproducible builds.

[[package]]
name = "github.com/mvl-lang/pkg-sqlite"
version = "0.2.0"
hash = "sha256:f5834383cdbb9ef16ee66714b7ffb8ab769aee3cae55ae901b5fbc8e77bc63f8"
commit = "2ea67f7bc639efb5b126609b7320354ddedd1898"
git = "https://github.com/mvl-lang/pkg-sqlite"

[[package]]
name = "github.com/mvl-lang/pkg-http"
version = "0.2.3"
hash = "sha256:f1605b1c88fedadaf9fb681c86326dce6ac2fe7a58d8c01fb0cd7b155302cd82"
commit = "c3dd21618efb514caae9b76d9fa1a910afb077ae"
git = "https://github.com/mvl-lang/pkg-http"

[[package]]
name = "github.com/mvl-lang/pkg-trace"
version = "0.4.0"
hash = "sha256:7122b254afdc4711eb9064cd507b6dbea3c441a5647078836c85ecdd16396bcb"
commit = "9113df617a3d0241c31189e74fa45c1bb64e250d"
git = "https://github.com/mvl-lang/pkg-trace"
