# Generated by mvl. Do not edit manually.
# Commit this file to source control for reproducible builds.

[[package]]
name = "github.com/mvl-lang/pkg-sqlite"
version = "0.2.2"
hash = "sha256:54bf865d7abbff1a5fc8a5aeb64895df5a762f4fdde2366814163e58a9bb4507"
commit = "ff78c7bd41fa5fd254fba353d1c0d6f52e41c6ff"
git = "https://github.com/mvl-lang/pkg-sqlite"
last-checked = 1783241470

[[package]]
name = "github.com/mvl-lang/pkg-http"
version = "0.5.0"
hash = "sha256:c834daea25b5fcb8a684ef382672d76c15801b64dcd1f6f5c7509f69c039e2ee"
commit = "fe0556b40e5cd0b11eee6e890691756816e8ba19"
git = "https://github.com/mvl-lang/pkg-http"
last-checked = 1783241470

[[package]]
name = "github.com/mvl-lang/pkg-trace"
version = "0.4.0"
hash = "sha256:7122b254afdc4711eb9064cd507b6dbea3c441a5647078836c85ecdd16396bcb"
commit = "9113df617a3d0241c31189e74fa45c1bb64e250d"
git = "https://github.com/mvl-lang/pkg-trace"
last-checked = 1783241470

[[package]]
name = "github.com/mvl-lang/pkg-metrics"
version = "0.3.0"
hash = "sha256:9141bab39dd8a250ea3895ae8eef3b497733247cf0e4dbd897e651b10daf367d"
commit = "b5793c543c3e9591075567e4d0183c7c6a8e9622"
git = "https://github.com/mvl-lang/pkg-metrics"
last-checked = 1783241470

[[package]]
name = "github.com/mvl-lang/pkg-health"
version = "0.4.1"
hash = "sha256:e079ef5436737e919dda49dca49d0630daab99fed39764bcaa5f3a0ade0f9f2a"
commit = "0382ace42932fde2730092e917c67e20650cfdca"
git = "https://github.com/mvl-lang/pkg-health"
last-checked = 1783241470

[[package]]
name = "github.com/mvl-lang/pkg-rest"
version = "0.4.2"
hash = "sha256:f1eda916c5ec4062faa2f1844c84fb5a921d6a22726ce6b16d87be1a54285e46"
commit = "1ec00c224e4c4ecda5b6595d357eb3aaa6267220"
git = "https://github.com/mvl-lang/pkg-rest"
last-checked = 1783241470

[[package]]
name = "github.com/mvl-lang/pkg-tls"
version = "0.2.1"
hash = "sha256:0863acab30e79f91ef46bb0712665fb12ae6361f39c8ab42f5a514721dba765d"
commit = "bb69bfc04d42a5c2c2c8b3fb92185f57e1dc6097"
git = "https://github.com/mvl-lang/pkg-tls"
last-checked = 1782322246
