# Generated by mvl. Do not edit manually.
# Commit this file to source control for reproducible builds.

[[package]]
name = "github.com/mvl-lang/pkg-sqlite"
version = "0.1.3"
hash = "sha256:7a78e582685beda9064ff9c9d54c3a642daf3b7ef275b0900b46bbb33d3fb7a1"
commit = "c92cc55ab54b388d3e4897d907a5d04c0818eefa"
git = "https://github.com/mvl-lang/pkg-sqlite"

[[package]]
name = "github.com/mvl-lang/pkg-http"
version = "0.2.0"
hash = "sha256:e9299bccffefba5712e5ba769cf760d4f235ec07c58f41a948ecc60235ad14c3"
commit = "cdde87ab5650d79b3d8fcfdbdaae3bd1706c7cca"
git = "https://github.com/mvl-lang/pkg-http"

[[package]]
name = "github.com/mvl-lang/pkg-trace"
version = "0.3.2"
hash = "sha256:a72f9d4cfff254d3506186544d7e1b78f3cabd801b89bf1bf064511ff8bb8cd5"
commit = "6187ef95080491f9dcb70fd03fc2c41f7fdbf81e"
git = "https://github.com/mvl-lang/pkg-trace"
