# Generated by mvl. Do not edit manually.
# Commit this file to source control for reproducible builds.

[[package]]
name = "github.com/mvl-lang/pkg-sqlite"
version = "0.1.4"
hash = "sha256:0ca9f4bca5d96c0b9cb865deca034a8df2668768b86702838f50a9cb03ca0c85"
commit = "be2643540026135c0f529a2f6b15b408f1088d2b"
git = "https://github.com/mvl-lang/pkg-sqlite"
