# Generated by mvl. Do not edit manually.
# Commit this file to source control for reproducible builds.

[[package]]
name = "github.com/mvl-lang/pkg-tui"
version = "1.2.0"
hash = "sha256:602d7122ca24e91da51baf3d1aa9f3bd80b3b8779532d31280e8b96b5c32305f"
commit = "3f725cd9e6e6d999d7c3167f4ec09a65ad4437bc"
git = "https://github.com/mvl-lang/pkg-tui"
last-checked = 1782547389
