# Generated by mvl. Do not edit manually.
# Commit this file to source control for reproducible builds.

[[package]]
name = "github.com/mvl-lang/pkg-tui"
version = "1.1.1"
hash = "sha256:541a68c8ec040d8932f7b5020572140b85c5575e0b3031e3668216989fe4baf3"
commit = "9c4b40ca37da7903a70ceba79f8a3bbc075bad74"
git = "https://github.com/mvl-lang/pkg-tui"
last-checked = 1782326889
