# Generated by mvl. Do not edit manually.
# Commit this file to source control for reproducible builds.

[[package]]
name = "github.com/mvl-lang/pkg-tui"
version = "1.1.0"
hash = "sha256:d662144d0b1c43359c97b74c562858271e16e682d57a89b860896b66b9099450"
commit = "32193cfb276ab9789480a59e5a7f11d6d9db35df"
git = "https://github.com/mvl-lang/pkg-tui"
license = "Apache-2.0"
last-checked = 1782071940
